// !$*UTF8*$!
{
	archiveVersion = 1;
	classes = {
	};
	objectVersion = 50;
	objects = {

/* Begin PBXBuildFile section */
		130F0BD72246E357002053BF /* ChecklistItem.swift in Sources */ = {isa = PBXBuildFile; fileRef = 130F0BD62246E357002053BF /* ChecklistItem.swift */; };
		1319AD4822480151009746C4 /* ItemDetailViewController.swift in Sources */ = {isa = PBXBuildFile; fileRef = 1319AD4722480151009746C4 /* ItemDetailViewController.swift */; };
		133421DC22A837B3000B11FD /* DataModel.swift in Sources */ = {isa = PBXBuildFile; fileRef = 133421DB22A837B3000B11FD /* DataModel.swift */; };
		13871AD3223C1ACF00652A55 /* AppDelegate.swift in Sources */ = {isa = PBXBuildFile; fileRef = 13871AD2223C1ACF00652A55 /* AppDelegate.swift */; };
		13871AD5223C1ACF00652A55 /* ChecklistViewController.swift in Sources */ = {isa = PBXBuildFile; fileRef = 13871AD4223C1ACF00652A55 /* ChecklistViewController.swift */; };
		13871AD8223C1ACF00652A55 /* Main.storyboard in Resources */ = {isa = PBXBuildFile; fileRef = 13871AD6223C1ACF00652A55 /* Main.storyboard */; };
		13871ADA223C1AD100652A55 /* Assets.xcassets in Resources */ = {isa = PBXBuildFile; fileRef = 13871AD9223C1AD100652A55 /* Assets.xcassets */; };
		13C9BB55229EFBF300B08081 /* ListDetailViewController.swift in Sources */ = {isa = PBXBuildFile; fileRef = 13C9BB54229EFBF300B08081 /* ListDetailViewController.swift */; };
		13CFF45A229DA8E3007175A5 /* AllListsViewController.swift in Sources */ = {isa = PBXBuildFile; fileRef = 13CFF459229DA8E3007175A5 /* AllListsViewController.swift */; };
		13CFF45C229DCCA8007175A5 /* Checklist.swift in Sources */ = {isa = PBXBuildFile; fileRef = 13CFF45B229DCCA8007175A5 /* Checklist.swift */; };
		13D879E622B8B2FD002DFE47 /* IconPickerViewController.swift in Sources */ = {isa = PBXBuildFile; fileRef = 13D879E522B8B2FD002DFE47 /* IconPickerViewController.swift */; };
/* End PBXBuildFile section */

/* Begin PBXFileReference section */
		130F0BD62246E357002053BF /* ChecklistItem.swift */ = {isa = PBXFileReference; lastKnownFileType = sourcecode.swift; path = ChecklistItem.swift; sourceTree = "<group>"; };
		1319AD4722480151009746C4 /* ItemDetailViewController.swift */ = {isa = PBXFileReference; lastKnownFileType = sourcecode.swift; path = ItemDetailViewController.swift; sourceTree = "<group>"; };
		133421DB22A837B3000B11FD /* DataModel.swift */ = {isa = PBXFileReference; lastKnownFileType = sourcecode.swift; path = DataModel.swift; sourceTree = "<group>"; };
		13871ACF223C1ACF00652A55 /* Checklists.app */ = {isa = PBXFileReference; explicitFileType = wrapper.application; includeInIndex = 0; path = Checklists.app; sourceTree = BUILT_PRODUCTS_DIR; };
		13871AD2223C1ACF00652A55 /* AppDelegate.swift */ = {isa = PBXFileReference; lastKnownFileType = sourcecode.swift; path = AppDelegate.swift; sourceTree = "<group>"; };
		13871AD4223C1ACF00652A55 /* ChecklistViewController.swift */ = {isa = PBXFileReference; lastKnownFileType = sourcecode.swift; path = ChecklistViewController.swift; sourceTree = "<group>"; };
		13871AD7223C1ACF00652A55 /* Base */ = {isa = PBXFileReference; lastKnownFileType = file.storyboard; name = Base; path = Base.lproj/Main.storyboard; sourceTree = "<group>"; };
		13871AD9223C1AD100652A55 /* Assets.xcassets */ = {isa = PBXFileReference; lastKnownFileType = folder.assetcatalog; path = Assets.xcassets; sourceTree = "<group>"; };
		13871ADE223C1AD100652A55 /* Info.plist */ = {isa = PBXFileReference; lastKnownFileType = text.plist.xml; path = Info.plist; sourceTree = "<group>"; };
		13C9BB54229EFBF300B08081 /* ListDetailViewController.swift */ = {isa = PBXFileReference; lastKnownFileType = sourcecode.swift; path = ListDetailViewController.swift; sourceTree = "<group>"; };
		13CFF459229DA8E3007175A5 /* AllListsViewController.swift */ = {isa = PBXFileReference; lastKnownFileType = sourcecode.swift; path = AllListsViewController.swift; sourceTree = "<group>"; };
		13CFF45B229DCCA8007175A5 /* Checklist.swift */ = {isa = PBXFileReference; lastKnownFileType = sourcecode.swift; path = Checklist.swift; sourceTree = "<group>"; };
		13D879E522B8B2FD002DFE47 /* IconPickerViewController.swift */ = {isa = PBXFileReference; lastKnownFileType = sourcecode.swift; path = IconPickerViewController.swift; sourceTree = "<group>"; };
/* End PBXFileReference section */

/* Begin PBXFrameworksBuildPhase section */
		13871ACC223C1ACF00652A55 /* Frameworks */ = {
			isa = PBXFrameworksBuildPhase;
			buildActionMask = 2147483647;
			files = (
			);
			runOnlyForDeploymentPostprocessing = 0;
		};
/* End PBXFrameworksBuildPhase section */

/* Begin PBXGroup section */
		13871AC6223C1ACF00652A55 = {
			isa = PBXGroup;
			children = (
				13871AD1223C1ACF00652A55 /* Checklists */,
				13871AD0223C1ACF00652A55 /* Products */,
			);
			sourceTree = "<group>";
		};
		13871AD0223C1ACF00652A55 /* Products */ = {
			isa = PBXGroup;
			children = (
				13871ACF223C1ACF00652A55 /* Checklists.app */,
			);
			name = Products;
			sourceTree = "<group>";
		};
		13871AD1223C1ACF00652A55 /* Checklists */ = {
			isa = PBXGroup;
			children = (
				13BB19A522AC6E6700BFA222 /* Data Models */,
				13BB19A622AC6EED00BFA222 /* View Controllers */,
				13BB19A722AC6F2F00BFA222 /* Resources */,
				13871AD2223C1ACF00652A55 /* AppDelegate.swift */,
				13871ADE223C1AD100652A55 /* Info.plist */,
			);
			path = Checklists;
			sourceTree = "<group>";
		};
		13BB19A522AC6E6700BFA222 /* Data Models */ = {
			isa = PBXGroup;
			children = (
				13CFF45B229DCCA8007175A5 /* Checklist.swift */,
				130F0BD62246E357002053BF /* ChecklistItem.swift */,
				133421DB22A837B3000B11FD /* DataModel.swift */,
			);
			path = "Data Models";
			sourceTree = "<group>";
		};
		13BB19A622AC6EED00BFA222 /* View Controllers */ = {
			isa = PBXGroup;
			children = (
				13CFF459229DA8E3007175A5 /* AllListsViewController.swift */,
				13871AD4223C1ACF00652A55 /* ChecklistViewController.swift */,
				13D879E522B8B2FD002DFE47 /* IconPickerViewController.swift */,
				1319AD4722480151009746C4 /* ItemDetailViewController.swift */,
				13C9BB54229EFBF300B08081 /* ListDetailViewController.swift */,
			);
			path = "View Controllers";
			sourceTree = "<group>";
		};
		13BB19A722AC6F2F00BFA222 /* Resources */ = {
			isa = PBXGroup;
			children = (
				13871AD9223C1AD100652A55 /* Assets.xcassets */,
				13871AD6223C1ACF00652A55 /* Main.storyboard */,
			);
			path = Resources;
			sourceTree = "<group>";
		};
/* End PBXGroup section */

/* Begin PBXNativeTarget section */
		13871ACE223C1ACF00652A55 /* Checklists */ = {
			isa = PBXNativeTarget;
			buildConfigurationList = 13871AE1223C1AD100652A55 /* Build configuration list for PBXNativeTarget "Checklists" */;
			buildPhases = (
				13871ACB223C1ACF00652A55 /* Sources */,
				13871ACC223C1ACF00652A55 /* Frameworks */,
				13871ACD223C1ACF00652A55 /* Resources */,
			);
			buildRules = (
			);
			dependencies = (
			);
			name = Checklists;
			productName = Checklists;
			productReference = 13871ACF223C1ACF00652A55 /* Checklists.app */;
			productType = "com.apple.product-type.application";
		};
/* End PBXNativeTarget section */

/* Begin PBXProject section */
		13871AC7223C1ACF00652A55 /* Project object */ = {
			isa = PBXProject;
			attributes = {
				LastSwiftUpdateCheck = 1010;
				LastUpgradeCheck = 1010;
				ORGANIZATIONNAME = "Rich Castagna";
				TargetAttributes = {
					13871ACE223C1ACF00652A55 = {
						CreatedOnToolsVersion = 10.1;
						LastSwiftMigration = 1020;
					};
				};
			};
			buildConfigurationList = 13871ACA223C1ACF00652A55 /* Build configuration list for PBXProject "Checklists" */;
			compatibilityVersion = "Xcode 9.3";
			developmentRegion = en;
			hasScannedForEncodings = 0;
			knownRegions = (
				en,
				Base,
			);
			mainGroup = 13871AC6223C1ACF00652A55;
			productRefGroup = 13871AD0223C1ACF00652A55 /* Products */;
			projectDirPath = "";
			projectRoot = "";
			targets = (
				13871ACE223C1ACF00652A55 /* Checklists */,
			);
		};
/* End PBXProject section */

/* Begin PBXResourcesBuildPhase section */
		13871ACD223C1ACF00652A55 /* Resources */ = {
			isa = PBXResourcesBuildPhase;
			buildActionMask = 2147483647;
			files = (
				13871ADA223C1AD100652A55 /* Assets.xcassets in Resources */,
				13871AD8223C1ACF00652A55 /* Main.storyboard in Resources */,
			);
			runOnlyForDeploymentPostprocessing = 0;
		};
/* End PBXResourcesBuildPhase section */

/* Begin PBXSourcesBuildPhase section */
		13871ACB223C1ACF00652A55 /* Sources */ = {
			isa = PBXSourcesBuildPhase;
			buildActionMask = 2147483647;
			files = (
				13871AD5223C1ACF00652A55 /* ChecklistViewController.swift in Sources */,
				13C9BB55229EFBF300B08081 /* ListDetailViewController.swift in Sources */,
				1319AD4822480151009746C4 /* ItemDetailViewController.swift in Sources */,
				13D879E622B8B2FD002DFE47 /* IconPickerViewController.swift in Sources */,
				13CFF45C229DCCA8007175A5 /* Checklist.swift in Sources */,
				130F0BD72246E357002053BF /* ChecklistItem.swift in Sources */,
				133421DC22A837B3000B11FD /* DataModel.swift in Sources */,
				13CFF45A229DA8E3007175A5 /* AllListsViewController.swift in Sources */,
				13871AD3223C1ACF00652A55 /* AppDelegate.swift in Sources */,
			);
			runOnlyForDeploymentPostprocessing = 0;
		};
/* End PBXSourcesBuildPhase section */

/* Begin PBXVariantGroup section */
		13871AD6223C1ACF00652A55 /* Main.storyboard */ = {
			isa = PBXVariantGroup;
			children = (
				13871AD7223C1ACF00652A55 /* Base */,
			);
			name = Main.storyboard;
			sourceTree = "<group>";
		};
/* End PBXVariantGroup section */

/* Begin XCBuildConfiguration section */
		13871ADF223C1AD100652A55 /* Debug */ = {
			isa = XCBuildConfiguration;
			buildSettings = {
				ALWAYS_SEARCH_USER_PATHS = NO;
				CLANG_ANALYZER_NONNULL = YES;
				CLANG_ANALYZER_NUMBER_OBJECT_CONVERSION = YES_AGGRESSIVE;
				CLANG_CXX_LANGUAGE_STANDARD = "gnu++14";
				CLANG_CXX_LIBRARY = "libc++";
				CLANG_ENABLE_MODULES = YES;
				CLANG_ENABLE_OBJC_ARC = YES;
				CLANG_ENABLE_OBJC_WEAK = YES;
				CLANG_WARN_BLOCK_CAPTURE_AUTORELEASING = YES;
				CLANG_WARN_BOOL_CONVERSION = YES;
				CLANG_WARN_COMMA = YES;
				CLANG_WARN_CONSTANT_CONVERSION = YES;
				CLANG_WARN_DEPRECATED_OBJC_IMPLEMENTATIONS = YES;
				CLANG_WARN_DIRECT_OBJC_ISA_USAGE = YES_ERROR;
				CLANG_WARN_DOCUMENTATION_COMMENTS = YES;
				CLANG_WARN_EMPTY_BODY = YES;
				CLANG_WARN_ENUM_CONVERSION = YES;
				CLANG_WARN_INFINITE_RECURSION = YES;
				CLANG_WARN_INT_CONVERSION = YES;
				CLANG_WARN_NON_LITERAL_NULL_CONVERSION = YES;
				CLANG_WARN_OBJC_IMPLICIT_RETAIN_SELF = YES;
				CLANG_WARN_OBJC_LITERAL_CONVERSION = YES;
				CLANG_WARN_OBJC_ROOT_CLASS = YES_ERROR;
				CLANG_WARN_RANGE_LOOP_ANALYSIS = YES;
				CLANG_WARN_STRICT_PROTOTYPES = YES;
				CLANG_WARN_SUSPICIOUS_MOVE = YES;
				CLANG_WARN_UNGUARDED_AVAILABILITY = YES_AGGRESSIVE;
				CLANG_WARN_UNREACHABLE_CODE = YES;
				CLANG_WARN__DUPLICATE_METHOD_MATCH = YES;
				CODE_SIGN_IDENTITY = "iPhone Developer";
				COPY_PHASE_STRIP = NO;
				DEBUG_INFORMATION_FORMAT = dwarf;
				ENABLE_STRICT_OBJC_MSGSEND = YES;
				ENABLE_TESTABILITY = YES;
				GCC_C_LANGUAGE_STANDARD = gnu11;
				GCC_DYNAMIC_NO_PIC = NO;
				GCC_NO_COMMON_BLOCKS = YES;
				GCC_OPTIMIZATION_LEVEL = 0;
				GCC_PREPROCESSOR_DEFINITIONS = (
					"DEBUG=1",
					"$(inherited)",
				);
				GCC_WARN_64_TO_32_BIT_CONVERSION = YES;
				GCC_WARN_ABOUT_RETURN_TYPE = YES_ERROR;
				GCC_WARN_UNDECLARED_SELECTOR = YES;
				GCC_WARN_UNINITIALIZED_AUTOS = YES_AGGRESSIVE;
				GCC_WARN_UNUSED_FUNCTION = YES;
				GCC_WARN_UNUSED_VARIABLE = YES;
				IPHONEOS_DEPLOYMENT_TARGET = 12.1;
				MTL_ENABLE_DEBUG_INFO = INCLUDE_SOURCE;
				MTL_FAST_MATH = YES;
				ONLY_ACTIVE_ARCH = YES;
				SDKROOT = iphoneos;
				SWIFT_ACTIVE_COMPILATION_CONDITIONS = DEBUG;
				SWIFT_OPTIMIZATION_LEVEL = "-Onone";
			};
			name = Debug;
		};
		13871AE0223C1AD100652A55 /* Release */ = {
			isa = XCBuildConfiguration;
			buildSettings = {
				ALWAYS_SEARCH_USER_PATHS = NO;
				CLANG_ANALYZER_NONNULL = YES;
				CLANG_ANALYZER_NUMBER_OBJECT_CONVERSION = YES_AGGRESSIVE;
				CLANG_CXX_LANGUAGE_STANDARD = "gnu++14";
				CLANG_CXX_LIBRARY = "libc++";
				CLANG_ENABLE_MODULES = YES;
				CLANG_ENABLE_OBJC_ARC = YES;
				CLANG_ENABLE_OBJC_WEAK = YES;
				CLANG_WARN_BLOCK_CAPTURE_AUTORELEASING = YES;
				CLANG_WARN_BOOL_CONVERSION = YES;
				CLANG_WARN_COMMA = YES;
				CLANG_WARN_CONSTANT_CONVERSION = YES;
				CLANG_WARN_DEPRECATED_OBJC_IMPLEMENTATIONS = YES;
				CLANG_WARN_DIRECT_OBJC_ISA_USAGE = YES_ERROR;
				CLANG_WARN_DOCUMENTATION_COMMENTS = YES;
				CLANG_WARN_EMPTY_BODY = YES;
				CLANG_WARN_ENUM_CONVERSION = YES;
				CLANG_WARN_INFINITE_RECURSION = YES;
				CLANG_WARN_INT_CONVERSION = YES;
				CLANG_WARN_NON_LITERAL_NULL_CONVERSION = YES;
				CLANG_WARN_OBJC_IMPLICIT_RETAIN_SELF = YES;
				CLANG_WARN_OBJC_LITERAL_CONVERSION = YES;
				CLANG_WARN_OBJC_ROOT_CLASS = YES_ERROR;
				CLANG_WARN_RANGE_LOOP_ANALYSIS = YES;
				CLANG_WARN_STRICT_PROTOTYPES = YES;
				CLANG_WARN_SUSPICIOUS_MOVE = YES;
				CLANG_WARN_UNGUARDED_AVAILABILITY = YES_AGGRESSIVE;
				CLANG_WARN_UNREACHABLE_CODE = YES;
				CLANG_WARN__DUPLICATE_METHOD_MATCH = YES;
				CODE_SIGN_IDENTITY = "iPhone Developer";
				COPY_PHASE_STRIP = NO;
				DEBUG_INFORMATION_FORMAT = "dwarf-with-dsym";
				ENABLE_NS_ASSERTIONS = NO;
				ENABLE_STRICT_OBJC_MSGSEND = YES;
				GCC_C_LANGUAGE_STANDARD = gnu11;
				GCC_NO_COMMON_BLOCKS = YES;
				GCC_WARN_64_TO_32_BIT_CONVERSION = YES;
				GCC_WARN_ABOUT_RETURN_TYPE = YES_ERROR;
				GCC_WARN_UNDECLARED_SELECTOR = YES;
				GCC_WARN_UNINITIALIZED_AUTOS = YES_AGGRESSIVE;
				GCC_WARN_UNUSED_FUNCTION = YES;
				GCC_WARN_UNUSED_VARIABLE = YES;
				IPHONEOS_DEPLOYMENT_TARGET = 12.1;
				MTL_ENABLE_DEBUG_INFO = NO;
				MTL_FAST_MATH = YES;
				SDKROOT = iphoneos;
				SWIFT_COMPILATION_MODE = wholemodule;
				SWIFT_OPTIMIZATION_LEVEL = "-O";
				VALIDATE_PRODUCT = YES;
			};
			name = Release;
		};
		13871AE2223C1AD100652A55 /* Debug */ = {
			isa = XCBuildConfiguration;
			buildSettings = {
				ASSETCATALOG_COMPILER_APPICON_NAME = AppIcon;
				CODE_SIGN_STYLE = Automatic;
				DEVELOPMENT_TEAM = QZX973JF5A;
				INFOPLIST_FILE = Checklists/Info.plist;
				LD_RUNPATH_SEARCH_PATHS = (
					"$(inherited)",
					"@executable_path/Frameworks",
				);
				PRODUCT_BUNDLE_IDENTIFIER = rKade.Checklists;
				PRODUCT_NAME = "$(TARGET_NAME)";
				SWIFT_VERSION = 5.0;
				TARGETED_DEVICE_FAMILY = "1,2";
			};
			name = Debug;
		};
		13871AE3223C1AD100652A55 /* Release */ = {
			isa = XCBuildConfiguration;
			buildSettings = {
				ASSETCATALOG_COMPILER_APPICON_NAME = AppIcon;
				CODE_SIGN_STYLE = Automatic;
				DEVELOPMENT_TEAM = QZX973JF5A;
				INFOPLIST_FILE = Checklists/Info.plist;
				LD_RUNPATH_SEARCH_PATHS = (
					"$(inherited)",
					"@executable_path/Frameworks",
				);
				PRODUCT_BUNDLE_IDENTIFIER = rKade.Checklists;
				PRODUCT_NAME = "$(TARGET_NAME)";
				SWIFT_VERSION = 5.0;
				TARGETED_DEVICE_FAMILY = "1,2";
			};
			name = Release;
		};
/* End XCBuildConfiguration section */

/* Begin XCConfigurationList section */
		13871ACA223C1ACF00652A55 /* Build configuration list for PBXProject "Checklists" */ = {
			isa = XCConfigurationList;
			buildConfigurations = (
				13871ADF223C1AD100652A55 /* Debug */,
				13871AE0223C1AD100652A55 /* Release */,
			);
			defaultConfigurationIsVisible = 0;
			defaultConfigurationName = Release;
		};
		13871AE1223C1AD100652A55 /* Build configuration list for PBXNativeTarget "Checklists" */ = {
			isa = XCConfigurationList;
			buildConfigurations = (
				13871AE2223C1AD100652A55 /* Debug */,
				13871AE3223C1AD100652A55 /* Release */,
			);
			defaultConfigurationIsVisible = 0;
			defaultConfigurationName = Release;
		};
/* End XCConfigurationList section */
	};
	rootObject = 13871AC7223C1ACF00652A55 /* Project object */;
}
